
Microsoft Visual Studio Solution File, Format Version 12.00
# Visual Studio Version 17
VisualStudioVersion = 17.0.32014.148
MinimumVisualStudioVersion = 10.0.40219.1
Project("{9A19103F-16F7-4668-BE54-9A1E7A4F7556}") = "TemplateProject", "TemplateProject\TemplateProject.csproj", "{029F0096-BBEA-4C50-B4D1-4C68C3D16AA8}"
EndProject
Project("{9A19103F-16F7-4668-BE54-9A1E7A4F7556}") = "AoCUtilities", "AoCUtilities\AoCUtilities.csproj", "{A33E73EE-AD43-4AE7-8074-8F981ED807FD}"
EndProject
Project("{9A19103F-16F7-4668-BE54-9A1E7A4F7556}") = "Day_01_No_Time_for_a_Taxicab", "Day_01_No_Time_for_a_Taxicab\Day_01_No_Time_for_a_Taxicab.csproj", "{AD18954C-3394-4AB1-BEF5-02E1AF9512EA}"
EndProject
Project("{9A19103F-16F7-4668-BE54-9A1E7A4F7556}") = "Day_02_Bathroom_Security", "Day_02_Bathroom_Security\Day_02_Bathroom_Security.csproj", "{D31E8667-64F3-4F8D-B3F9-BD75A962E02C}"
EndProject
Project("{9A19103F-16F7-4668-BE54-9A1E7A4F7556}") = "Day_03_Squares_With_Three_Sides", "Day_03_Squares_With_Three_Sides\Day_03_Squares_With_Three_Sides.csproj", "{2E0D3F8E-4A4A-4836-B64F-EBAEEF711B22}"
EndProject
Project("{9A19103F-16F7-4668-BE54-9A1E7A4F7556}") = "Day_04_Security_Through_Obscurity", "Day_04_Security_Through_Obscurity\Day_04_Security_Through_Obscurity.csproj", "{F148FE43-4484-4AC3-8452-AC861A388A90}"
EndProject
Project("{9A19103F-16F7-4668-BE54-9A1E7A4F7556}") = "Day_05_How_About_a_Nice_Game_of_Chess", "Day_05_How_About_a_Nice_Game_of_Chess\Day_05_How_About_a_Nice_Game_of_Chess.csproj", "{AC87A5FD-5BD5-43B5-ABDE-CCB23BC88789}"
EndProject
Project("{9A19103F-16F7-4668-BE54-9A1E7A4F7556}") = "Day_06_Signals_and_Noise", "Day_06_Signals_and_Noise\Day_06_Signals_and_Noise.csproj", "{A873756B-94F7-44D8-852D-040B970047DC}"
EndProject
Project("{9A19103F-16F7-4668-BE54-9A1E7A4F7556}") = "Day_07_Internet_Protocol_Version_7", "Day_07_Internet_Protocol_Version_7\Day_07_Internet_Protocol_Version_7.csproj", "{D42DE01D-5AC2-4831-A45A-FF5A1BF71191}"
EndProject
Project("{9A19103F-16F7-4668-BE54-9A1E7A4F7556}") = "Day_08_Two-Factor_Authentication", "Day_08_Two-Factor_Authentication\Day_08_Two-Factor_Authentication.csproj", "{DF56BA33-D918-4592-A8EF-F3400B6E2D13}"
EndProject
Project("{9A19103F-16F7-4668-BE54-9A1E7A4F7556}") = "Day_09_Explosives_in_Cyberspace", "Day_09_Explosives_in_Cyberspace\Day_09_Explosives_in_Cyberspace.csproj", "{F55CF5BE-AEE9-4E8A-8AEA-0C4AD9BF35AC}"
EndProject
Project("{9A19103F-16F7-4668-BE54-9A1E7A4F7556}") = "Day_10_Balance_Bots", "Day_10_Balance_Bots\Day_10_Balance_Bots.csproj", "{C88B36C2-B865-478D-A656-85B0C42019AC}"
EndProject
Project("{9A19103F-16F7-4668-BE54-9A1E7A4F7556}") = "Day_11_Radioisotope_Thermoelectric_Generators", "Day_11_Radioisotope_Thermoelectric_Generators\Day_11_Radioisotope_Thermoelectric_Generators.csproj", "{89A083C3-5582-4983-AF08-C2F5C690F3E1}"
EndProject
Project("{9A19103F-16F7-4668-BE54-9A1E7A4F7556}") = "Day_12_Leonardos_Monorail", "Day_12_Leonardos_Monorail\Day_12_Leonardos_Monorail.csproj", "{F76A5EE1-EF56-47D0-8009-A62B9BCD7556}"
EndProject
Project("{9A19103F-16F7-4668-BE54-9A1E7A4F7556}") = "Day_13_A_Maze_of_Twisty_Little_Cubicles", "Day_13_A_Maze_of_Twisty_Little_Cubicles\Day_13_A_Maze_of_Twisty_Little_Cubicles.csproj", "{831E12BE-3D78-4F01-AC0D-8E07F1F39D3E}"
EndProject
Project("{9A19103F-16F7-4668-BE54-9A1E7A4F7556}") = "Day_14_One-Time_Pad", "Day_14_One-Time_Pad\Day_14_One-Time_Pad.csproj", "{945103D3-B364-41D6-B905-8D1A603D0A6A}"
EndProject
Project("{9A19103F-16F7-4668-BE54-9A1E7A4F7556}") = "Day_15_Timing_is_Everything", "Day_15_Timing_is_Everything\Day_15_Timing_is_Everything.csproj", "{1005E4B1-BCD2-4106-9308-4B4D34B62FCD}"
EndProject
Project("{9A19103F-16F7-4668-BE54-9A1E7A4F7556}") = "Day_16_Dragon_Checksum", "Day_16_Dragon_Checksum\Day_16_Dragon_Checksum.csproj", "{54C9CF12-E3A1-409E-992C-717F8F7D0424}"
EndProject
Project("{9A19103F-16F7-4668-BE54-9A1E7A4F7556}") = "Day_17_Two_Steps_Forward", "Day_17_Two_Steps_Forward\Day_17_Two_Steps_Forward.csproj", "{9B304212-C92C-41EA-AC36-6DF02441BE36}"
EndProject
Project("{9A19103F-16F7-4668-BE54-9A1E7A4F7556}") = "Day_18_Like_a_Rogue", "Day_18_Like_a_Rogue\Day_18_Like_a_Rogue.csproj", "{5BC6D375-C9E8-4309-8DEC-CD67ECCCE321}"
EndProject
Project("{9A19103F-16F7-4668-BE54-9A1E7A4F7556}") = "Day_19_An_Elephant_Named_Joseph", "Day_19_An_Elephant_Named_Joseph\Day_19_An_Elephant_Named_Joseph.csproj", "{E6F938F1-3E8A-460D-A55D-EE2690DFCC5E}"
EndProject
Global
	GlobalSection(SolutionConfigurationPlatforms) = preSolution
		Debug|Any CPU = Debug|Any CPU
		Release|Any CPU = Release|Any CPU
	EndGlobalSection
	GlobalSection(ProjectConfigurationPlatforms) = postSolution
		{029F0096-BBEA-4C50-B4D1-4C68C3D16AA8}.Debug|Any CPU.ActiveCfg = Debug|Any CPU
		{029F0096-BBEA-4C50-B4D1-4C68C3D16AA8}.Debug|Any CPU.Build.0 = Debug|Any CPU
		{029F0096-BBEA-4C50-B4D1-4C68C3D16AA8}.Release|Any CPU.ActiveCfg = Release|Any CPU
		{029F0096-BBEA-4C50-B4D1-4C68C3D16AA8}.Release|Any CPU.Build.0 = Release|Any CPU
		{A33E73EE-AD43-4AE7-8074-8F981ED807FD}.Debug|Any CPU.ActiveCfg = Debug|Any CPU
		{A33E73EE-AD43-4AE7-8074-8F981ED807FD}.Debug|Any CPU.Build.0 = Debug|Any CPU
		{A33E73EE-AD43-4AE7-8074-8F981ED807FD}.Release|Any CPU.ActiveCfg = Release|Any CPU
		{A33E73EE-AD43-4AE7-8074-8F981ED807FD}.Release|Any CPU.Build.0 = Release|Any CPU
		{AD18954C-3394-4AB1-BEF5-02E1AF9512EA}.Debug|Any CPU.ActiveCfg = Debug|Any CPU
		{AD18954C-3394-4AB1-BEF5-02E1AF9512EA}.Debug|Any CPU.Build.0 = Debug|Any CPU
		{AD18954C-3394-4AB1-BEF5-02E1AF9512EA}.Release|Any CPU.ActiveCfg = Release|Any CPU
		{AD18954C-3394-4AB1-BEF5-02E1AF9512EA}.Release|Any CPU.Build.0 = Release|Any CPU
		{D31E8667-64F3-4F8D-B3F9-BD75A962E02C}.Debug|Any CPU.ActiveCfg = Debug|Any CPU
		{D31E8667-64F3-4F8D-B3F9-BD75A962E02C}.Debug|Any CPU.Build.0 = Debug|Any CPU
		{D31E8667-64F3-4F8D-B3F9-BD75A962E02C}.Release|Any CPU.ActiveCfg = Release|Any CPU
		{D31E8667-64F3-4F8D-B3F9-BD75A962E02C}.Release|Any CPU.Build.0 = Release|Any CPU
		{2E0D3F8E-4A4A-4836-B64F-EBAEEF711B22}.Debug|Any CPU.ActiveCfg = Debug|Any CPU
		{2E0D3F8E-4A4A-4836-B64F-EBAEEF711B22}.Debug|Any CPU.Build.0 = Debug|Any CPU
		{2E0D3F8E-4A4A-4836-B64F-EBAEEF711B22}.Release|Any CPU.ActiveCfg = Release|Any CPU
		{2E0D3F8E-4A4A-4836-B64F-EBAEEF711B22}.Release|Any CPU.Build.0 = Release|Any CPU
		{F148FE43-4484-4AC3-8452-AC861A388A90}.Debug|Any CPU.ActiveCfg = Debug|Any CPU
		{F148FE43-4484-4AC3-8452-AC861A388A90}.Debug|Any CPU.Build.0 = Debug|Any CPU
		{F148FE43-4484-4AC3-8452-AC861A388A90}.Release|Any CPU.ActiveCfg = Release|Any CPU
		{F148FE43-4484-4AC3-8452-AC861A388A90}.Release|Any CPU.Build.0 = Release|Any CPU
		{AC87A5FD-5BD5-43B5-ABDE-CCB23BC88789}.Debug|Any CPU.ActiveCfg = Debug|Any CPU
		{AC87A5FD-5BD5-43B5-ABDE-CCB23BC88789}.Debug|Any CPU.Build.0 = Debug|Any CPU
		{AC87A5FD-5BD5-43B5-ABDE-CCB23BC88789}.Release|Any CPU.ActiveCfg = Release|Any CPU
		{AC87A5FD-5BD5-43B5-ABDE-CCB23BC88789}.Release|Any CPU.Build.0 = Release|Any CPU
		{A873756B-94F7-44D8-852D-040B970047DC}.Debug|Any CPU.ActiveCfg = Debug|Any CPU
		{A873756B-94F7-44D8-852D-040B970047DC}.Debug|Any CPU.Build.0 = Debug|Any CPU
		{A873756B-94F7-44D8-852D-040B970047DC}.Release|Any CPU.ActiveCfg = Release|Any CPU
		{A873756B-94F7-44D8-852D-040B970047DC}.Release|Any CPU.Build.0 = Release|Any CPU
		{D42DE01D-5AC2-4831-A45A-FF5A1BF71191}.Debug|Any CPU.ActiveCfg = Debug|Any CPU
		{D42DE01D-5AC2-4831-A45A-FF5A1BF71191}.Debug|Any CPU.Build.0 = Debug|Any CPU
		{D42DE01D-5AC2-4831-A45A-FF5A1BF71191}.Release|Any CPU.ActiveCfg = Release|Any CPU
		{D42DE01D-5AC2-4831-A45A-FF5A1BF71191}.Release|Any CPU.Build.0 = Release|Any CPU
		{DF56BA33-D918-4592-A8EF-F3400B6E2D13}.Debug|Any CPU.ActiveCfg = Debug|Any CPU
		{DF56BA33-D918-4592-A8EF-F3400B6E2D13}.Debug|Any CPU.Build.0 = Debug|Any CPU
		{DF56BA33-D918-4592-A8EF-F3400B6E2D13}.Release|Any CPU.ActiveCfg = Release|Any CPU
		{DF56BA33-D918-4592-A8EF-F3400B6E2D13}.Release|Any CPU.Build.0 = Release|Any CPU
		{F55CF5BE-AEE9-4E8A-8AEA-0C4AD9BF35AC}.Debug|Any CPU.ActiveCfg = Debug|Any CPU
		{F55CF5BE-AEE9-4E8A-8AEA-0C4AD9BF35AC}.Debug|Any CPU.Build.0 = Debug|Any CPU
		{F55CF5BE-AEE9-4E8A-8AEA-0C4AD9BF35AC}.Release|Any CPU.ActiveCfg = Release|Any CPU
		{F55CF5BE-AEE9-4E8A-8AEA-0C4AD9BF35AC}.Release|Any CPU.Build.0 = Release|Any CPU
		{C88B36C2-B865-478D-A656-85B0C42019AC}.Debug|Any CPU.ActiveCfg = Debug|Any CPU
		{C88B36C2-B865-478D-A656-85B0C42019AC}.Debug|Any CPU.Build.0 = Debug|Any CPU
		{C88B36C2-B865-478D-A656-85B0C42019AC}.Release|Any CPU.ActiveCfg = Release|Any CPU
		{C88B36C2-B865-478D-A656-85B0C42019AC}.Release|Any CPU.Build.0 = Release|Any CPU
		{89A083C3-5582-4983-AF08-C2F5C690F3E1}.Debug|Any CPU.ActiveCfg = Debug|Any CPU
		{89A083C3-5582-4983-AF08-C2F5C690F3E1}.Debug|Any CPU.Build.0 = Debug|Any CPU
		{89A083C3-5582-4983-AF08-C2F5C690F3E1}.Release|Any CPU.ActiveCfg = Release|Any CPU
		{89A083C3-5582-4983-AF08-C2F5C690F3E1}.Release|Any CPU.Build.0 = Release|Any CPU
		{F76A5EE1-EF56-47D0-8009-A62B9BCD7556}.Debug|Any CPU.ActiveCfg = Debug|Any CPU
		{F76A5EE1-EF56-47D0-8009-A62B9BCD7556}.Debug|Any CPU.Build.0 = Debug|Any CPU
		{F76A5EE1-EF56-47D0-8009-A62B9BCD7556}.Release|Any CPU.ActiveCfg = Release|Any CPU
		{F76A5EE1-EF56-47D0-8009-A62B9BCD7556}.Release|Any CPU.Build.0 = Release|Any CPU
		{831E12BE-3D78-4F01-AC0D-8E07F1F39D3E}.Debug|Any CPU.ActiveCfg = Debug|Any CPU
		{831E12BE-3D78-4F01-AC0D-8E07F1F39D3E}.Debug|Any CPU.Build.0 = Debug|Any CPU
		{831E12BE-3D78-4F01-AC0D-8E07F1F39D3E}.Release|Any CPU.ActiveCfg = Release|Any CPU
		{831E12BE-3D78-4F01-AC0D-8E07F1F39D3E}.Release|Any CPU.Build.0 = Release|Any CPU
		{945103D3-B364-41D6-B905-8D1A603D0A6A}.Debug|Any CPU.ActiveCfg = Debug|Any CPU
		{945103D3-B364-41D6-B905-8D1A603D0A6A}.Debug|Any CPU.Build.0 = Debug|Any CPU
		{945103D3-B364-41D6-B905-8D1A603D0A6A}.Release|Any CPU.ActiveCfg = Release|Any CPU
		{945103D3-B364-41D6-B905-8D1A603D0A6A}.Release|Any CPU.Build.0 = Release|Any CPU
		{1005E4B1-BCD2-4106-9308-4B4D34B62FCD}.Debug|Any CPU.ActiveCfg = Debug|Any CPU
		{1005E4B1-BCD2-4106-9308-4B4D34B62FCD}.Debug|Any CPU.Build.0 = Debug|Any CPU
		{1005E4B1-BCD2-4106-9308-4B4D34B62FCD}.Release|Any CPU.ActiveCfg = Release|Any CPU
		{1005E4B1-BCD2-4106-9308-4B4D34B62FCD}.Release|Any CPU.Build.0 = Release|Any CPU
		{54C9CF12-E3A1-409E-992C-717F8F7D0424}.Debug|Any CPU.ActiveCfg = Debug|Any CPU
		{54C9CF12-E3A1-409E-992C-717F8F7D0424}.Debug|Any CPU.Build.0 = Debug|Any CPU
		{54C9CF12-E3A1-409E-992C-717F8F7D0424}.Release|Any CPU.ActiveCfg = Release|Any CPU
		{54C9CF12-E3A1-409E-992C-717F8F7D0424}.Release|Any CPU.Build.0 = Release|Any CPU
		{9B304212-C92C-41EA-AC36-6DF02441BE36}.Debug|Any CPU.ActiveCfg = Debug|Any CPU
		{9B304212-C92C-41EA-AC36-6DF02441BE36}.Debug|Any CPU.Build.0 = Debug|Any CPU
		{9B304212-C92C-41EA-AC36-6DF02441BE36}.Release|Any CPU.ActiveCfg = Release|Any CPU
		{9B304212-C92C-41EA-AC36-6DF02441BE36}.Release|Any CPU.Build.0 = Release|Any CPU
		{5BC6D375-C9E8-4309-8DEC-CD67ECCCE321}.Debug|Any CPU.ActiveCfg = Debug|Any CPU
		{5BC6D375-C9E8-4309-8DEC-CD67ECCCE321}.Debug|Any CPU.Build.0 = Debug|Any CPU
		{5BC6D375-C9E8-4309-8DEC-CD67ECCCE321}.Release|Any CPU.ActiveCfg = Release|Any CPU
		{5BC6D375-C9E8-4309-8DEC-CD67ECCCE321}.Release|Any CPU.Build.0 = Release|Any CPU
		{E6F938F1-3E8A-460D-A55D-EE2690DFCC5E}.Debug|Any CPU.ActiveCfg = Debug|Any CPU
		{E6F938F1-3E8A-460D-A55D-EE2690DFCC5E}.Debug|Any CPU.Build.0 = Debug|Any CPU
		{E6F938F1-3E8A-460D-A55D-EE2690DFCC5E}.Release|Any CPU.ActiveCfg = Release|Any CPU
		{E6F938F1-3E8A-460D-A55D-EE2690DFCC5E}.Release|Any CPU.Build.0 = Release|Any CPU
	EndGlobalSection
	GlobalSection(SolutionProperties) = preSolution
		HideSolutionNode = FALSE
	EndGlobalSection
	GlobalSection(ExtensibilityGlobals) = postSolution
		SolutionGuid = {408FEDB9-7740-4AAE-8F73-ADC851E30817}
	EndGlobalSection
EndGlobal
